{
  "name": "javascript-algorithms-and-data-structures-masterclass",
  "version": "1.0.0",
  "lockfileVersion": 2,
  "requires": true,
  "packages": {
    "": {
      "name": "javascript-algorithms-and-data-structures-masterclass",
      "version": "1.0.0",
      "license": "ISC",
      "devDependencies": {}
    }
  }
}
